
Microsoft Visual Studio Solution File, Format Version 12.00
# Visual Studio Version 17
VisualStudioVersion = 17.0.31903.59
MinimumVisualStudioVersion = 10.0.40219.1
Project("{2150E333-8FDC-42A3-9474-1A3956D46DE8}") = "src", "src", "{827E0CD3-B72D-47B6-A68D-7590B98EB39B}"
EndProject
Project("{FAE04EC0-301F-11D3-BF4B-00C04F79EFBC}") = "Relativa.Graph", "src\Relativa.Graph\Relativa.Graph.csproj", "{2CEF321B-A013-4D1C-BABF-7B64655AF489}"
EndProject
Project("{2150E333-8FDC-42A3-9474-1A3956D46DE8}") = "tests", "tests", "{0AB3BF05-4346-4AA6-1389-037BE0695223}"
EndProject
Project("{FAE04EC0-301F-11D3-BF4B-00C04F79EFBC}") = "Relativa.Graph.Integration.Tests", "tests\Relativa.Graph.Integration.Tests\Relativa.Graph.Integration.Tests.csproj", "{3195A4E3-BB9F-4EC1-A12C-AC213673AC73}"
EndProject
Global
	GlobalSection(SolutionConfigurationPlatforms) = preSolution
		Debug|Any CPU = Debug|Any CPU
		Debug|x64 = Debug|x64
		Debug|x86 = Debug|x86
		Release|Any CPU = Release|Any CPU
		Release|x64 = Release|x64
		Release|x86 = Release|x86
	EndGlobalSection
	GlobalSection(ProjectConfigurationPlatforms) = postSolution
		{2CEF321B-A013-4D1C-BABF-7B64655AF489}.Debug|Any CPU.ActiveCfg = Debug|Any CPU
		{2CEF321B-A013-4D1C-BABF-7B64655AF489}.Debug|Any CPU.Build.0 = Debug|Any CPU
		{2CEF321B-A013-4D1C-BABF-7B64655AF489}.Debug|x64.ActiveCfg = Debug|Any CPU
		{2CEF321B-A013-4D1C-BABF-7B64655AF489}.Debug|x64.Build.0 = Debug|Any CPU
		{2CEF321B-A013-4D1C-BABF-7B64655AF489}.Debug|x86.ActiveCfg = Debug|Any CPU
		{2CEF321B-A013-4D1C-BABF-7B64655AF489}.Debug|x86.Build.0 = Debug|Any CPU
		{2CEF321B-A013-4D1C-BABF-7B64655AF489}.Release|Any CPU.ActiveCfg = Release|Any CPU
		{2CEF321B-A013-4D1C-BABF-7B64655AF489}.Release|Any CPU.Build.0 = Release|Any CPU
		{2CEF321B-A013-4D1C-BABF-7B64655AF489}.Release|x64.ActiveCfg = Release|Any CPU
		{2CEF321B-A013-4D1C-BABF-7B64655AF489}.Release|x64.Build.0 = Release|Any CPU
		{2CEF321B-A013-4D1C-BABF-7B64655AF489}.Release|x86.ActiveCfg = Release|Any CPU
		{2CEF321B-A013-4D1C-BABF-7B64655AF489}.Release|x86.Build.0 = Release|Any CPU
		{3195A4E3-BB9F-4EC1-A12C-AC213673AC73}.Debug|Any CPU.ActiveCfg = Debug|Any CPU
		{3195A4E3-BB9F-4EC1-A12C-AC213673AC73}.Debug|Any CPU.Build.0 = Debug|Any CPU
		{3195A4E3-BB9F-4EC1-A12C-AC213673AC73}.Debug|x64.ActiveCfg = Debug|Any CPU
		{3195A4E3-BB9F-4EC1-A12C-AC213673AC73}.Debug|x64.Build.0 = Debug|Any CPU
		{3195A4E3-BB9F-4EC1-A12C-AC213673AC73}.Debug|x86.ActiveCfg = Debug|Any CPU
		{3195A4E3-BB9F-4EC1-A12C-AC213673AC73}.Debug|x86.Build.0 = Debug|Any CPU
		{3195A4E3-BB9F-4EC1-A12C-AC213673AC73}.Release|Any CPU.ActiveCfg = Release|Any CPU
		{3195A4E3-BB9F-4EC1-A12C-AC213673AC73}.Release|Any CPU.Build.0 = Release|Any CPU
		{3195A4E3-BB9F-4EC1-A12C-AC213673AC73}.Release|x64.ActiveCfg = Release|Any CPU
		{3195A4E3-BB9F-4EC1-A12C-AC213673AC73}.Release|x64.Build.0 = Release|Any CPU
		{3195A4E3-BB9F-4EC1-A12C-AC213673AC73}.Release|x86.ActiveCfg = Release|Any CPU
		{3195A4E3-BB9F-4EC1-A12C-AC213673AC73}.Release|x86.Build.0 = Release|Any CPU
	EndGlobalSection
	GlobalSection(SolutionProperties) = preSolution
		HideSolutionNode = FALSE
	EndGlobalSection
	GlobalSection(NestedProjects) = preSolution
		{2CEF321B-A013-4D1C-BABF-7B64655AF489} = {827E0CD3-B72D-47B6-A68D-7590B98EB39B}
		{3195A4E3-BB9F-4EC1-A12C-AC213673AC73} = {0AB3BF05-4346-4AA6-1389-037BE0695223}
	EndGlobalSection
EndGlobal
